
Microsoft Visual Studio Solution File, Format Version 12.00
# Visual Studio Version 16
VisualStudioVersion = 16.0.29215.179
MinimumVisualStudioVersion = 10.0.40219.1
Project("{FAE04EC0-301F-11D3-BF4B-00C04F79EFBC}") = "WCS", "WCS\WCS.csproj", "{316D2BC8-AC2A-4113-A1AE-48E839A62FF6}"
EndProject
Project("{FAE04EC0-301F-11D3-BF4B-00C04F79EFBC}") = "Tool", "Tool\Tool.csproj", "{4A353453-EE2A-496F-840A-5A59BB60EBCB}"
EndProject
Project("{FAE04EC0-301F-11D3-BF4B-00C04F79EFBC}") = "WCS_Bll", "WCS_Bll\WCS_Bll.csproj", "{16C47284-7FE1-4A1D-BCD9-FB9FAED0BD7B}"
EndProject
Project("{FAE04EC0-301F-11D3-BF4B-00C04F79EFBC}") = "WCS_Dal", "WCS_Dal\WCS_Dal.csproj", "{1F4BB881-A2B6-42ED-AE5C-02FBD2F24FE7}"
EndProject
Project("{FAE04EC0-301F-11D3-BF4B-00C04F79EFBC}") = "WCS_Model", "WCS_Model\WCS_Model.csproj", "{96A33AAE-6EA1-4A2C-9561-4F90716CF724}"
EndProject
Global
	GlobalSection(SolutionConfigurationPlatforms) = preSolution
		Debug|Any CPU = Debug|Any CPU
		Release|Any CPU = Release|Any CPU
	EndGlobalSection
	GlobalSection(ProjectConfigurationPlatforms) = postSolution
		{316D2BC8-AC2A-4113-A1AE-48E839A62FF6}.Debug|Any CPU.ActiveCfg = Debug|Any CPU
		{316D2BC8-AC2A-4113-A1AE-48E839A62FF6}.Debug|Any CPU.Build.0 = Debug|Any CPU
		{316D2BC8-AC2A-4113-A1AE-48E839A62FF6}.Release|Any CPU.ActiveCfg = Release|Any CPU
		{316D2BC8-AC2A-4113-A1AE-48E839A62FF6}.Release|Any CPU.Build.0 = Release|Any CPU
		{4A353453-EE2A-496F-840A-5A59BB60EBCB}.Debug|Any CPU.ActiveCfg = Debug|Any CPU
		{4A353453-EE2A-496F-840A-5A59BB60EBCB}.Debug|Any CPU.Build.0 = Debug|Any CPU
		{4A353453-EE2A-496F-840A-5A59BB60EBCB}.Release|Any CPU.ActiveCfg = Release|Any CPU
		{4A353453-EE2A-496F-840A-5A59BB60EBCB}.Release|Any CPU.Build.0 = Release|Any CPU
		{16C47284-7FE1-4A1D-BCD9-FB9FAED0BD7B}.Debug|Any CPU.ActiveCfg = Debug|Any CPU
		{16C47284-7FE1-4A1D-BCD9-FB9FAED0BD7B}.Debug|Any CPU.Build.0 = Debug|Any CPU
		{16C47284-7FE1-4A1D-BCD9-FB9FAED0BD7B}.Release|Any CPU.ActiveCfg = Release|Any CPU
		{16C47284-7FE1-4A1D-BCD9-FB9FAED0BD7B}.Release|Any CPU.Build.0 = Release|Any CPU
		{1F4BB881-A2B6-42ED-AE5C-02FBD2F24FE7}.Debug|Any CPU.ActiveCfg = Debug|Any CPU
		{1F4BB881-A2B6-42ED-AE5C-02FBD2F24FE7}.Debug|Any CPU.Build.0 = Debug|Any CPU
		{1F4BB881-A2B6-42ED-AE5C-02FBD2F24FE7}.Release|Any CPU.ActiveCfg = Release|Any CPU
		{1F4BB881-A2B6-42ED-AE5C-02FBD2F24FE7}.Release|Any CPU.Build.0 = Release|Any CPU
		{96A33AAE-6EA1-4A2C-9561-4F90716CF724}.Debug|Any CPU.ActiveCfg = Debug|Any CPU
		{96A33AAE-6EA1-4A2C-9561-4F90716CF724}.Debug|Any CPU.Build.0 = Debug|Any CPU
		{96A33AAE-6EA1-4A2C-9561-4F90716CF724}.Release|Any CPU.ActiveCfg = Release|Any CPU
		{96A33AAE-6EA1-4A2C-9561-4F90716CF724}.Release|Any CPU.Build.0 = Release|Any CPU
	EndGlobalSection
	GlobalSection(SolutionProperties) = preSolution
		HideSolutionNode = FALSE
	EndGlobalSection
	GlobalSection(ExtensibilityGlobals) = postSolution
		SolutionGuid = {4733097E-F9A7-4F2F-B0AE-D9736E0A8C29}
	EndGlobalSection
EndGlobal
